// !$*UTF8*$!
{
	archiveVersion = 1;
	classes = {
	};
	objectVersion = 56;
	objects = {

/* Begin PBXBuildFile section */
		7F063B4A2B1CBAC20075B6A7 /* AppDelegate.swift in Sources */ = {isa = PBXBuildFile; fileRef = 7F063B492B1CBAC20075B6A7 /* AppDelegate.swift */; };
		7F063B4C2B1CBAC20075B6A7 /* SceneDelegate.swift in Sources */ = {isa = PBXBuildFile; fileRef = 7F063B4B2B1CBAC20075B6A7 /* SceneDelegate.swift */; };
		7F063B4E2B1CBAC20075B6A7 /* HomeViewController.swift in Sources */ = {isa = PBXBuildFile; fileRef = 7F063B4D2B1CBAC20075B6A7 /* HomeViewController.swift */; };
		7F063B512B1CBAC20075B6A7 /* Main.storyboard in Resources */ = {isa = PBXBuildFile; fileRef = 7F063B4F2B1CBAC20075B6A7 /* Main.storyboard */; };
		7F063B532B1CBAC40075B6A7 /* Assets.xcassets in Resources */ = {isa = PBXBuildFile; fileRef = 7F063B522B1CBAC40075B6A7 /* Assets.xcassets */; };
		7F063B562B1CBAC40075B6A7 /* LaunchScreen.storyboard in Resources */ = {isa = PBXBuildFile; fileRef = 7F063B542B1CBAC40075B6A7 /* LaunchScreen.storyboard */; };
		7F063B652B1CDAAE0075B6A7 /* LoginViewController.swift in Sources */ = {isa = PBXBuildFile; fileRef = 7F063B642B1CDAAE0075B6A7 /* LoginViewController.swift */; };
		7F063B682B1CE5B70075B6A7 /* UIView.swift in Sources */ = {isa = PBXBuildFile; fileRef = 7F063B672B1CE5B70075B6A7 /* UIView.swift */; };
		7F3FACC02B1FA82800F47247 /* Process.swift in Sources */ = {isa = PBXBuildFile; fileRef = 7F3FACBF2B1FA82800F47247 /* Process.swift */; };
		7F3FACC32B1FAA7600F47247 /* TextAnimator.swift in Sources */ = {isa = PBXBuildFile; fileRef = 7F3FACC22B1FAA7600F47247 /* TextAnimator.swift */; };
		7F3FACC62B1FB14B00F47247 /* AuthValidator.swift in Sources */ = {isa = PBXBuildFile; fileRef = 7F3FACC52B1FB14B00F47247 /* AuthValidator.swift */; };
		7F5D64AF2B1E625E00E9669E /* Constants.swift in Sources */ = {isa = PBXBuildFile; fileRef = 7F5D64AE2B1E625E00E9669E /* Constants.swift */; };
		7F5D64B12B1E6CCA00E9669E /* RegistrationProcess.swift in Sources */ = {isa = PBXBuildFile; fileRef = 7F5D64B02B1E6CCA00E9669E /* RegistrationProcess.swift */; };
		7F5D64B42B1E6DAE00E9669E /* RegistrationProcessData.swift in Sources */ = {isa = PBXBuildFile; fileRef = 7F5D64B32B1E6DAE00E9669E /* RegistrationProcessData.swift */; };
		7F6FFE802B1D2A0900D89F92 /* RegistrationViewController.swift in Sources */ = {isa = PBXBuildFile; fileRef = 7F6FFE7F2B1D2A0900D89F92 /* RegistrationViewController.swift */; };
		7F79219B2B432C750080EE90 /* HamburgerMenuCell.swift in Sources */ = {isa = PBXBuildFile; fileRef = 7F79219A2B432C750080EE90 /* HamburgerMenuCell.swift */; };
		7F81821F2B42F80800A1869A /* HamburgerMenuViewController.swift in Sources */ = {isa = PBXBuildFile; fileRef = 7F81821E2B42F80800A1869A /* HamburgerMenuViewController.swift */; };
		7F94AB552B26276300B0FBBC /* RegistrationConfirmation.swift in Sources */ = {isa = PBXBuildFile; fileRef = 7F94AB542B26276300B0FBBC /* RegistrationConfirmation.swift */; };
		7FC836262B60624F004EFB59 /* GoogleService-Info.plist in Resources */ = {isa = PBXBuildFile; fileRef = 7FC836252B60624F004EFB59 /* GoogleService-Info.plist */; };
		7FE4B7352B435B9400608B45 /* EventsViewController.swift in Sources */ = {isa = PBXBuildFile; fileRef = 7FE4B7342B435B9400608B45 /* EventsViewController.swift */; };
		7FF328612B40232600FACB58 /* SnackBar in Frameworks */ = {isa = PBXBuildFile; productRef = 7FF328602B40232600FACB58 /* SnackBar */; };
		7FF328642B4023C400FACB58 /* AppSnackBar.swift in Sources */ = {isa = PBXBuildFile; fileRef = 7FF328632B4023C400FACB58 /* AppSnackBar.swift */; };
		7FF328662B4040BF00FACB58 /* ExploreViewController.swift in Sources */ = {isa = PBXBuildFile; fileRef = 7FF328652B4040BF00FACB58 /* ExploreViewController.swift */; };
		7FF328682B40412300FACB58 /* ThreadsViewController.swift in Sources */ = {isa = PBXBuildFile; fileRef = 7FF328672B40412300FACB58 /* ThreadsViewController.swift */; };
		7FF3286A2B40415900FACB58 /* ProfileViewController.swift in Sources */ = {isa = PBXBuildFile; fileRef = 7FF328692B40415900FACB58 /* ProfileViewController.swift */; };
/* End PBXBuildFile section */

/* Begin PBXFileReference section */
		7F063B462B1CBAC20075B6A7 /* JoyStickFolio.app */ = {isa = PBXFileReference; explicitFileType = wrapper.application; includeInIndex = 0; path = JoyStickFolio.app; sourceTree = BUILT_PRODUCTS_DIR; };
		7F063B492B1CBAC20075B6A7 /* AppDelegate.swift */ = {isa = PBXFileReference; lastKnownFileType = sourcecode.swift; path = AppDelegate.swift; sourceTree = "<group>"; };
		7F063B4B2B1CBAC20075B6A7 /* SceneDelegate.swift */ = {isa = PBXFileReference; lastKnownFileType = sourcecode.swift; path = SceneDelegate.swift; sourceTree = "<group>"; };
		7F063B4D2B1CBAC20075B6A7 /* HomeViewController.swift */ = {isa = PBXFileReference; lastKnownFileType = sourcecode.swift; path = HomeViewController.swift; sourceTree = "<group>"; };
		7F063B502B1CBAC20075B6A7 /* Base */ = {isa = PBXFileReference; lastKnownFileType = file.storyboard; name = Base; path = Base.lproj/Main.storyboard; sourceTree = "<group>"; };
		7F063B522B1CBAC40075B6A7 /* Assets.xcassets */ = {isa = PBXFileReference; lastKnownFileType = folder.assetcatalog; path = Assets.xcassets; sourceTree = "<group>"; };
		7F063B552B1CBAC40075B6A7 /* Base */ = {isa = PBXFileReference; lastKnownFileType = file.storyboard; name = Base; path = Base.lproj/LaunchScreen.storyboard; sourceTree = "<group>"; };
		7F063B572B1CBAC40075B6A7 /* Info.plist */ = {isa = PBXFileReference; lastKnownFileType = text.plist.xml; path = Info.plist; sourceTree = "<group>"; };
		7F063B642B1CDAAE0075B6A7 /* LoginViewController.swift */ = {isa = PBXFileReference; lastKnownFileType = sourcecode.swift; path = LoginViewController.swift; sourceTree = "<group>"; };
		7F063B672B1CE5B70075B6A7 /* UIView.swift */ = {isa = PBXFileReference; lastKnownFileType = sourcecode.swift; path = UIView.swift; sourceTree = "<group>"; };
		7F3FACBF2B1FA82800F47247 /* Process.swift */ = {isa = PBXFileReference; lastKnownFileType = sourcecode.swift; path = Process.swift; sourceTree = "<group>"; };
		7F3FACC22B1FAA7600F47247 /* TextAnimator.swift */ = {isa = PBXFileReference; lastKnownFileType = sourcecode.swift; path = TextAnimator.swift; sourceTree = "<group>"; };
		7F3FACC52B1FB14B00F47247 /* AuthValidator.swift */ = {isa = PBXFileReference; lastKnownFileType = sourcecode.swift; path = AuthValidator.swift; sourceTree = "<group>"; };
		7F5D64AE2B1E625E00E9669E /* Constants.swift */ = {isa = PBXFileReference; lastKnownFileType = sourcecode.swift; path = Constants.swift; sourceTree = "<group>"; };
		7F5D64B02B1E6CCA00E9669E /* RegistrationProcess.swift */ = {isa = PBXFileReference; lastKnownFileType = sourcecode.swift; path = RegistrationProcess.swift; sourceTree = "<group>"; };
		7F5D64B32B1E6DAE00E9669E /* RegistrationProcessData.swift */ = {isa = PBXFileReference; lastKnownFileType = sourcecode.swift; path = RegistrationProcessData.swift; sourceTree = "<group>"; };
		7F6FFE7F2B1D2A0900D89F92 /* RegistrationViewController.swift */ = {isa = PBXFileReference; lastKnownFileType = sourcecode.swift; path = RegistrationViewController.swift; sourceTree = "<group>"; };
		7F79219A2B432C750080EE90 /* HamburgerMenuCell.swift */ = {isa = PBXFileReference; lastKnownFileType = sourcecode.swift; path = HamburgerMenuCell.swift; sourceTree = "<group>"; };
		7F81821E2B42F80800A1869A /* HamburgerMenuViewController.swift */ = {isa = PBXFileReference; lastKnownFileType = sourcecode.swift; path = HamburgerMenuViewController.swift; sourceTree = "<group>"; };
		7F94AB542B26276300B0FBBC /* RegistrationConfirmation.swift */ = {isa = PBXFileReference; lastKnownFileType = sourcecode.swift; path = RegistrationConfirmation.swift; sourceTree = "<group>"; };
		7FC836252B60624F004EFB59 /* GoogleService-Info.plist */ = {isa = PBXFileReference; fileEncoding = 4; lastKnownFileType = text.plist.xml; path = "GoogleService-Info.plist"; sourceTree = "<group>"; };
		7FE4B7342B435B9400608B45 /* EventsViewController.swift */ = {isa = PBXFileReference; lastKnownFileType = sourcecode.swift; path = EventsViewController.swift; sourceTree = "<group>"; };
		7FF328632B4023C400FACB58 /* AppSnackBar.swift */ = {isa = PBXFileReference; lastKnownFileType = sourcecode.swift; path = AppSnackBar.swift; sourceTree = "<group>"; };
		7FF328652B4040BF00FACB58 /* ExploreViewController.swift */ = {isa = PBXFileReference; lastKnownFileType = sourcecode.swift; path = ExploreViewController.swift; sourceTree = "<group>"; };
		7FF328672B40412300FACB58 /* ThreadsViewController.swift */ = {isa = PBXFileReference; lastKnownFileType = sourcecode.swift; path = ThreadsViewController.swift; sourceTree = "<group>"; };
		7FF328692B40415900FACB58 /* ProfileViewController.swift */ = {isa = PBXFileReference; lastKnownFileType = sourcecode.swift; path = ProfileViewController.swift; sourceTree = "<group>"; };
/* End PBXFileReference section */

/* Begin PBXFrameworksBuildPhase section */
		7F063B432B1CBAC20075B6A7 /* Frameworks */ = {
			isa = PBXFrameworksBuildPhase;
			buildActionMask = 2147483647;
			files = (
				7FF328612B40232600FACB58 /* SnackBar in Frameworks */,
			);
			runOnlyForDeploymentPostprocessing = 0;
		};
/* End PBXFrameworksBuildPhase section */

/* Begin PBXGroup section */
		7F063B3D2B1CBAC20075B6A7 = {
			isa = PBXGroup;
			children = (
				7F063B482B1CBAC20075B6A7 /* JoyStickFolio */,
				7F063B472B1CBAC20075B6A7 /* Products */,
			);
			sourceTree = "<group>";
		};
		7F063B472B1CBAC20075B6A7 /* Products */ = {
			isa = PBXGroup;
			children = (
				7F063B462B1CBAC20075B6A7 /* JoyStickFolio.app */,
			);
			name = Products;
			sourceTree = "<group>";
		};
		7F063B482B1CBAC20075B6A7 /* JoyStickFolio */ = {
			isa = PBXGroup;
			children = (
				7F063B492B1CBAC20075B6A7 /* AppDelegate.swift */,
				7F063B4B2B1CBAC20075B6A7 /* SceneDelegate.swift */,
				7F5D64B22B1E6D9300E9669E /* Data */,
				7F063B5D2B1CC9420075B6A7 /* Models */,
				7F063B5E2B1CC9620075B6A7 /* Views */,
				7F063B5F2B1CC96B0075B6A7 /* Controllers */,
				7F063B602B1CCA170075B6A7 /* Utils */,
				7F063B522B1CBAC40075B6A7 /* Assets.xcassets */,
				7F063B572B1CBAC40075B6A7 /* Info.plist */,
				7FC836252B60624F004EFB59 /* GoogleService-Info.plist */,
			);
			path = JoyStickFolio;
			sourceTree = "<group>";
		};
		7F063B5D2B1CC9420075B6A7 /* Models */ = {
			isa = PBXGroup;
			children = (
				7F5D64B02B1E6CCA00E9669E /* RegistrationProcess.swift */,
				7F94AB542B26276300B0FBBC /* RegistrationConfirmation.swift */,
				7F79219A2B432C750080EE90 /* HamburgerMenuCell.swift */,
			);
			path = Models;
			sourceTree = "<group>";
		};
		7F063B5E2B1CC9620075B6A7 /* Views */ = {
			isa = PBXGroup;
			children = (
				7FF328622B40239B00FACB58 /* SnackBar */,
				7F063B622B1CD7780075B6A7 /* Storyboards */,
			);
			path = Views;
			sourceTree = "<group>";
		};
		7F063B5F2B1CC96B0075B6A7 /* Controllers */ = {
			isa = PBXGroup;
			children = (
				7F81821C2B42F7D800A1869A /* General */,
				7F063B632B1CDA7C0075B6A7 /* Onboarding */,
				7F063B612B1CD05B0075B6A7 /* Core Tabs */,
			);
			path = Controllers;
			sourceTree = "<group>";
		};
		7F063B602B1CCA170075B6A7 /* Utils */ = {
			isa = PBXGroup;
			children = (
				7F5D64AE2B1E625E00E9669E /* Constants.swift */,
				7F3FACC42B1FB12000F47247 /* Validator */,
				7F3FACC12B1FAA6200F47247 /* Animation */,
				7F3FACBE2B1FA81000F47247 /* Enums */,
				7F063B662B1CE5A40075B6A7 /* Extensions */,
			);
			path = Utils;
			sourceTree = "<group>";
		};
		7F063B612B1CD05B0075B6A7 /* Core Tabs */ = {
			isa = PBXGroup;
			children = (
				7F063B4D2B1CBAC20075B6A7 /* HomeViewController.swift */,
				7FF328652B4040BF00FACB58 /* ExploreViewController.swift */,
				7FE4B7342B435B9400608B45 /* EventsViewController.swift */,
				7FF328672B40412300FACB58 /* ThreadsViewController.swift */,
				7FF328692B40415900FACB58 /* ProfileViewController.swift */,
			);
			path = "Core Tabs";
			sourceTree = "<group>";
		};
		7F063B622B1CD7780075B6A7 /* Storyboards */ = {
			isa = PBXGroup;
			children = (
				7F063B542B1CBAC40075B6A7 /* LaunchScreen.storyboard */,
				7F063B4F2B1CBAC20075B6A7 /* Main.storyboard */,
			);
			path = Storyboards;
			sourceTree = "<group>";
		};
		7F063B632B1CDA7C0075B6A7 /* Onboarding */ = {
			isa = PBXGroup;
			children = (
				7F063B642B1CDAAE0075B6A7 /* LoginViewController.swift */,
				7F6FFE7F2B1D2A0900D89F92 /* RegistrationViewController.swift */,
			);
			path = Onboarding;
			sourceTree = "<group>";
		};
		7F063B662B1CE5A40075B6A7 /* Extensions */ = {
			isa = PBXGroup;
			children = (
				7F063B672B1CE5B70075B6A7 /* UIView.swift */,
			);
			path = Extensions;
			sourceTree = "<group>";
		};
		7F3FACBE2B1FA81000F47247 /* Enums */ = {
			isa = PBXGroup;
			children = (
				7F3FACBF2B1FA82800F47247 /* Process.swift */,
			);
			path = Enums;
			sourceTree = "<group>";
		};
		7F3FACC12B1FAA6200F47247 /* Animation */ = {
			isa = PBXGroup;
			children = (
				7F3FACC22B1FAA7600F47247 /* TextAnimator.swift */,
			);
			path = Animation;
			sourceTree = "<group>";
		};
		7F3FACC42B1FB12000F47247 /* Validator */ = {
			isa = PBXGroup;
			children = (
				7F3FACC52B1FB14B00F47247 /* AuthValidator.swift */,
			);
			path = Validator;
			sourceTree = "<group>";
		};
		7F5D64B22B1E6D9300E9669E /* Data */ = {
			isa = PBXGroup;
			children = (
				7F5D64B32B1E6DAE00E9669E /* RegistrationProcessData.swift */,
			);
			path = Data;
			sourceTree = "<group>";
		};
		7F81821C2B42F7D800A1869A /* General */ = {
			isa = PBXGroup;
			children = (
				7F81821E2B42F80800A1869A /* HamburgerMenuViewController.swift */,
			);
			path = General;
			sourceTree = "<group>";
		};
		7FF328622B40239B00FACB58 /* SnackBar */ = {
			isa = PBXGroup;
			children = (
				7FF328632B4023C400FACB58 /* AppSnackBar.swift */,
			);
			path = SnackBar;
			sourceTree = "<group>";
		};
/* End PBXGroup section */

/* Begin PBXNativeTarget section */
		7F063B452B1CBAC20075B6A7 /* JoyStickFolio */ = {
			isa = PBXNativeTarget;
			buildConfigurationList = 7F063B5A2B1CBAC40075B6A7 /* Build configuration list for PBXNativeTarget "JoyStickFolio" */;
			buildPhases = (
				7F063B422B1CBAC20075B6A7 /* Sources */,
				7F063B432B1CBAC20075B6A7 /* Frameworks */,
				7F063B442B1CBAC20075B6A7 /* Resources */,
			);
			buildRules = (
			);
			dependencies = (
			);
			name = JoyStickFolio;
			packageProductDependencies = (
				7FF328602B40232600FACB58 /* SnackBar */,
			);
			productName = JoyStickFolio;
			productReference = 7F063B462B1CBAC20075B6A7 /* JoyStickFolio.app */;
			productType = "com.apple.product-type.application";
		};
/* End PBXNativeTarget section */

/* Begin PBXProject section */
		7F063B3E2B1CBAC20075B6A7 /* Project object */ = {
			isa = PBXProject;
			attributes = {
				BuildIndependentTargetsInParallel = 1;
				LastSwiftUpdateCheck = 1500;
				LastUpgradeCheck = 1500;
				TargetAttributes = {
					7F063B452B1CBAC20075B6A7 = {
						CreatedOnToolsVersion = 15.0.1;
					};
				};
			};
			buildConfigurationList = 7F063B412B1CBAC20075B6A7 /* Build configuration list for PBXProject "JoyStickFolio" */;
			compatibilityVersion = "Xcode 14.0";
			developmentRegion = en;
			hasScannedForEncodings = 0;
			knownRegions = (
				en,
				Base,
			);
			mainGroup = 7F063B3D2B1CBAC20075B6A7;
			packageReferences = (
				7FF3285F2B40232600FACB58 /* XCRemoteSwiftPackageReference "SnackBar" */,
			);
			productRefGroup = 7F063B472B1CBAC20075B6A7 /* Products */;
			projectDirPath = "";
			projectRoot = "";
			targets = (
				7F063B452B1CBAC20075B6A7 /* JoyStickFolio */,
			);
		};
/* End PBXProject section */

/* Begin PBXResourcesBuildPhase section */
		7F063B442B1CBAC20075B6A7 /* Resources */ = {
			isa = PBXResourcesBuildPhase;
			buildActionMask = 2147483647;
			files = (
				7F063B562B1CBAC40075B6A7 /* LaunchScreen.storyboard in Resources */,
				7FC836262B60624F004EFB59 /* GoogleService-Info.plist in Resources */,
				7F063B532B1CBAC40075B6A7 /* Assets.xcassets in Resources */,
				7F063B512B1CBAC20075B6A7 /* Main.storyboard in Resources */,
			);
			runOnlyForDeploymentPostprocessing = 0;
		};
/* End PBXResourcesBuildPhase section */

/* Begin PBXSourcesBuildPhase section */
		7F063B422B1CBAC20075B6A7 /* Sources */ = {
			isa = PBXSourcesBuildPhase;
			buildActionMask = 2147483647;
			files = (
				7F063B682B1CE5B70075B6A7 /* UIView.swift in Sources */,
				7F3FACC02B1FA82800F47247 /* Process.swift in Sources */,
				7FF328682B40412300FACB58 /* ThreadsViewController.swift in Sources */,
				7FF328662B4040BF00FACB58 /* ExploreViewController.swift in Sources */,
				7F3FACC62B1FB14B00F47247 /* AuthValidator.swift in Sources */,
				7F6FFE802B1D2A0900D89F92 /* RegistrationViewController.swift in Sources */,
				7F5D64B42B1E6DAE00E9669E /* RegistrationProcessData.swift in Sources */,
				7FF3286A2B40415900FACB58 /* ProfileViewController.swift in Sources */,
				7F063B652B1CDAAE0075B6A7 /* LoginViewController.swift in Sources */,
				7FE4B7352B435B9400608B45 /* EventsViewController.swift in Sources */,
				7FF328642B4023C400FACB58 /* AppSnackBar.swift in Sources */,
				7F063B4E2B1CBAC20075B6A7 /* HomeViewController.swift in Sources */,
				7F5D64AF2B1E625E00E9669E /* Constants.swift in Sources */,
				7F5D64B12B1E6CCA00E9669E /* RegistrationProcess.swift in Sources */,
				7F81821F2B42F80800A1869A /* HamburgerMenuViewController.swift in Sources */,
				7F063B4A2B1CBAC20075B6A7 /* AppDelegate.swift in Sources */,
				7F063B4C2B1CBAC20075B6A7 /* SceneDelegate.swift in Sources */,
				7F79219B2B432C750080EE90 /* HamburgerMenuCell.swift in Sources */,
				7F94AB552B26276300B0FBBC /* RegistrationConfirmation.swift in Sources */,
				7F3FACC32B1FAA7600F47247 /* TextAnimator.swift in Sources */,
			);
			runOnlyForDeploymentPostprocessing = 0;
		};
/* End PBXSourcesBuildPhase section */

/* Begin PBXVariantGroup section */
		7F063B4F2B1CBAC20075B6A7 /* Main.storyboard */ = {
			isa = PBXVariantGroup;
			children = (
				7F063B502B1CBAC20075B6A7 /* Base */,
			);
			name = Main.storyboard;
			sourceTree = "<group>";
		};
		7F063B542B1CBAC40075B6A7 /* LaunchScreen.storyboard */ = {
			isa = PBXVariantGroup;
			children = (
				7F063B552B1CBAC40075B6A7 /* Base */,
			);
			name = LaunchScreen.storyboard;
			sourceTree = "<group>";
		};
/* End PBXVariantGroup section */

/* Begin XCBuildConfiguration section */
		7F063B582B1CBAC40075B6A7 /* Debug */ = {
			isa = XCBuildConfiguration;
			buildSettings = {
				ALWAYS_SEARCH_USER_PATHS = NO;
				ASSETCATALOG_COMPILER_GENERATE_SWIFT_ASSET_SYMBOL_EXTENSIONS = YES;
				CLANG_ANALYZER_NONNULL = YES;
				CLANG_ANALYZER_NUMBER_OBJECT_CONVERSION = YES_AGGRESSIVE;
				CLANG_CXX_LANGUAGE_STANDARD = "gnu++20";
				CLANG_ENABLE_MODULES = YES;
				CLANG_ENABLE_OBJC_ARC = YES;
				CLANG_ENABLE_OBJC_WEAK = YES;
				CLANG_WARN_BLOCK_CAPTURE_AUTORELEASING = YES;
				CLANG_WARN_BOOL_CONVERSION = YES;
				CLANG_WARN_COMMA = YES;
				CLANG_WARN_CONSTANT_CONVERSION = YES;
				CLANG_WARN_DEPRECATED_OBJC_IMPLEMENTATIONS = YES;
				CLANG_WARN_DIRECT_OBJC_ISA_USAGE = YES_ERROR;
				CLANG_WARN_DOCUMENTATION_COMMENTS = YES;
				CLANG_WARN_EMPTY_BODY = YES;
				CLANG_WARN_ENUM_CONVERSION = YES;
				CLANG_WARN_INFINITE_RECURSION = YES;
				CLANG_WARN_INT_CONVERSION = YES;
				CLANG_WARN_NON_LITERAL_NULL_CONVERSION = YES;
				CLANG_WARN_OBJC_IMPLICIT_RETAIN_SELF = YES;
				CLANG_WARN_OBJC_LITERAL_CONVERSION = YES;
				CLANG_WARN_OBJC_ROOT_CLASS = YES_ERROR;
				CLANG_WARN_QUOTED_INCLUDE_IN_FRAMEWORK_HEADER = YES;
				CLANG_WARN_RANGE_LOOP_ANALYSIS = YES;
				CLANG_WARN_STRICT_PROTOTYPES = YES;
				CLANG_WARN_SUSPICIOUS_MOVE = YES;
				CLANG_WARN_UNGUARDED_AVAILABILITY = YES_AGGRESSIVE;
				CLANG_WARN_UNREACHABLE_CODE = YES;
				CLANG_WARN__DUPLICATE_METHOD_MATCH = YES;
				COPY_PHASE_STRIP = NO;
				DEBUG_INFORMATION_FORMAT = dwarf;
				ENABLE_STRICT_OBJC_MSGSEND = YES;
				ENABLE_TESTABILITY = YES;
				ENABLE_USER_SCRIPT_SANDBOXING = YES;
				GCC_C_LANGUAGE_STANDARD = gnu17;
				GCC_DYNAMIC_NO_PIC = NO;
				GCC_NO_COMMON_BLOCKS = YES;
				GCC_OPTIMIZATION_LEVEL = 0;
				GCC_PREPROCESSOR_DEFINITIONS = (
					"DEBUG=1",
					"$(inherited)",
				);
				GCC_WARN_64_TO_32_BIT_CONVERSION = YES;
				GCC_WARN_ABOUT_RETURN_TYPE = YES_ERROR;
				GCC_WARN_UNDECLARED_SELECTOR = YES;
				GCC_WARN_UNINITIALIZED_AUTOS = YES_AGGRESSIVE;
				GCC_WARN_UNUSED_FUNCTION = YES;
				GCC_WARN_UNUSED_VARIABLE = YES;
				IPHONEOS_DEPLOYMENT_TARGET = 17.0;
				LOCALIZATION_PREFERS_STRING_CATALOGS = YES;
				MTL_ENABLE_DEBUG_INFO = INCLUDE_SOURCE;
				MTL_FAST_MATH = YES;
				ONLY_ACTIVE_ARCH = YES;
				SDKROOT = iphoneos;
				SWIFT_ACTIVE_COMPILATION_CONDITIONS = "DEBUG $(inherited)";
				SWIFT_OPTIMIZATION_LEVEL = "-Onone";
			};
			name = Debug;
		};
		7F063B592B1CBAC40075B6A7 /* Release */ = {
			isa = XCBuildConfiguration;
			buildSettings = {
				ALWAYS_SEARCH_USER_PATHS = NO;
				ASSETCATALOG_COMPILER_GENERATE_SWIFT_ASSET_SYMBOL_EXTENSIONS = YES;
				CLANG_ANALYZER_NONNULL = YES;
				CLANG_ANALYZER_NUMBER_OBJECT_CONVERSION = YES_AGGRESSIVE;
				CLANG_CXX_LANGUAGE_STANDARD = "gnu++20";
				CLANG_ENABLE_MODULES = YES;
				CLANG_ENABLE_OBJC_ARC = YES;
				CLANG_ENABLE_OBJC_WEAK = YES;
				CLANG_WARN_BLOCK_CAPTURE_AUTORELEASING = YES;
				CLANG_WARN_BOOL_CONVERSION = YES;
				CLANG_WARN_COMMA = YES;
				CLANG_WARN_CONSTANT_CONVERSION = YES;
				CLANG_WARN_DEPRECATED_OBJC_IMPLEMENTATIONS = YES;
				CLANG_WARN_DIRECT_OBJC_ISA_USAGE = YES_ERROR;
				CLANG_WARN_DOCUMENTATION_COMMENTS = YES;
				CLANG_WARN_EMPTY_BODY = YES;
				CLANG_WARN_ENUM_CONVERSION = YES;
				CLANG_WARN_INFINITE_RECURSION = YES;
				CLANG_WARN_INT_CONVERSION = YES;
				CLANG_WARN_NON_LITERAL_NULL_CONVERSION = YES;
				CLANG_WARN_OBJC_IMPLICIT_RETAIN_SELF = YES;
				CLANG_WARN_OBJC_LITERAL_CONVERSION = YES;
				CLANG_WARN_OBJC_ROOT_CLASS = YES_ERROR;
				CLANG_WARN_QUOTED_INCLUDE_IN_FRAMEWORK_HEADER = YES;
				CLANG_WARN_RANGE_LOOP_ANALYSIS = YES;
				CLANG_WARN_STRICT_PROTOTYPES = YES;
				CLANG_WARN_SUSPICIOUS_MOVE = YES;
				CLANG_WARN_UNGUARDED_AVAILABILITY = YES_AGGRESSIVE;
				CLANG_WARN_UNREACHABLE_CODE = YES;
				CLANG_WARN__DUPLICATE_METHOD_MATCH = YES;
				COPY_PHASE_STRIP = NO;
				DEBUG_INFORMATION_FORMAT = "dwarf-with-dsym";
				ENABLE_NS_ASSERTIONS = NO;
				ENABLE_STRICT_OBJC_MSGSEND = YES;
				ENABLE_USER_SCRIPT_SANDBOXING = YES;
				GCC_C_LANGUAGE_STANDARD = gnu17;
				GCC_NO_COMMON_BLOCKS = YES;
				GCC_WARN_64_TO_32_BIT_CONVERSION = YES;
				GCC_WARN_ABOUT_RETURN_TYPE = YES_ERROR;
				GCC_WARN_UNDECLARED_SELECTOR = YES;
				GCC_WARN_UNINITIALIZED_AUTOS = YES_AGGRESSIVE;
				GCC_WARN_UNUSED_FUNCTION = YES;
				GCC_WARN_UNUSED_VARIABLE = YES;
				IPHONEOS_DEPLOYMENT_TARGET = 17.0;
				LOCALIZATION_PREFERS_STRING_CATALOGS = YES;
				MTL_ENABLE_DEBUG_INFO = NO;
				MTL_FAST_MATH = YES;
				SDKROOT = iphoneos;
				SWIFT_COMPILATION_MODE = wholemodule;
				VALIDATE_PRODUCT = YES;
			};
			name = Release;
		};
		7F063B5B2B1CBAC40075B6A7 /* Debug */ = {
			isa = XCBuildConfiguration;
			buildSettings = {
				ASSETCATALOG_COMPILER_APPICON_NAME = AppIcon;
				ASSETCATALOG_COMPILER_GLOBAL_ACCENT_COLOR_NAME = AccentColor;
				CODE_SIGN_STYLE = Automatic;
				CURRENT_PROJECT_VERSION = 1;
				DEVELOPMENT_TEAM = P63VAPNRN9;
				GENERATE_INFOPLIST_FILE = YES;
				INFOPLIST_FILE = JoyStickFolio/Info.plist;
				INFOPLIST_KEY_CFBundleDisplayName = JoystickFolio;
				INFOPLIST_KEY_LSApplicationCategoryType = "public.app-category.games";
				INFOPLIST_KEY_UIApplicationSupportsIndirectInputEvents = YES;
				INFOPLIST_KEY_UILaunchStoryboardName = LaunchScreen;
				INFOPLIST_KEY_UIMainStoryboardFile = Main;
				INFOPLIST_KEY_UISupportedInterfaceOrientations = UIInterfaceOrientationPortrait;
				INFOPLIST_KEY_UISupportedInterfaceOrientations_iPad = "UIInterfaceOrientationLandscapeLeft UIInterfaceOrientationLandscapeRight UIInterfaceOrientationPortrait UIInterfaceOrientationPortraitUpsideDown";
				IPHONEOS_DEPLOYMENT_TARGET = 14.0;
				LD_RUNPATH_SEARCH_PATHS = (
					"$(inherited)",
					"@executable_path/Frameworks",
				);
				MARKETING_VERSION = 1.0;
				PRODUCT_BUNDLE_IDENTIFIER = com.Karim.Sakr.JoyStickFolio;
				PRODUCT_NAME = "$(TARGET_NAME)";
				SWIFT_EMIT_LOC_STRINGS = YES;
				SWIFT_VERSION = 5.0;
				TARGETED_DEVICE_FAMILY = "1,2";
			};
			name = Debug;
		};
		7F063B5C2B1CBAC40075B6A7 /* Release */ = {
			isa = XCBuildConfiguration;
			buildSettings = {
				ASSETCATALOG_COMPILER_APPICON_NAME = AppIcon;
				ASSETCATALOG_COMPILER_GLOBAL_ACCENT_COLOR_NAME = AccentColor;
				CODE_SIGN_STYLE = Automatic;
				CURRENT_PROJECT_VERSION = 1;
				DEVELOPMENT_TEAM = P63VAPNRN9;
				GENERATE_INFOPLIST_FILE = YES;
				INFOPLIST_FILE = JoyStickFolio/Info.plist;
				INFOPLIST_KEY_CFBundleDisplayName = JoystickFolio;
				INFOPLIST_KEY_LSApplicationCategoryType = "public.app-category.games";
				INFOPLIST_KEY_UIApplicationSupportsIndirectInputEvents = YES;
				INFOPLIST_KEY_UILaunchStoryboardName = LaunchScreen;
				INFOPLIST_KEY_UIMainStoryboardFile = Main;
				INFOPLIST_KEY_UISupportedInterfaceOrientations = UIInterfaceOrientationPortrait;
				INFOPLIST_KEY_UISupportedInterfaceOrientations_iPad = "UIInterfaceOrientationLandscapeLeft UIInterfaceOrientationLandscapeRight UIInterfaceOrientationPortrait UIInterfaceOrientationPortraitUpsideDown";
				IPHONEOS_DEPLOYMENT_TARGET = 14.0;
				LD_RUNPATH_SEARCH_PATHS = (
					"$(inherited)",
					"@executable_path/Frameworks",
				);
				MARKETING_VERSION = 1.0;
				PRODUCT_BUNDLE_IDENTIFIER = com.Karim.Sakr.JoyStickFolio;
				PRODUCT_NAME = "$(TARGET_NAME)";
				SWIFT_EMIT_LOC_STRINGS = YES;
				SWIFT_VERSION = 5.0;
				TARGETED_DEVICE_FAMILY = "1,2";
			};
			name = Release;
		};
/* End XCBuildConfiguration section */

/* Begin XCConfigurationList section */
		7F063B412B1CBAC20075B6A7 /* Build configuration list for PBXProject "JoyStickFolio" */ = {
			isa = XCConfigurationList;
			buildConfigurations = (
				7F063B582B1CBAC40075B6A7 /* Debug */,
				7F063B592B1CBAC40075B6A7 /* Release */,
			);
			defaultConfigurationIsVisible = 0;
			defaultConfigurationName = Release;
		};
		7F063B5A2B1CBAC40075B6A7 /* Build configuration list for PBXNativeTarget "JoyStickFolio" */ = {
			isa = XCConfigurationList;
			buildConfigurations = (
				7F063B5B2B1CBAC40075B6A7 /* Debug */,
				7F063B5C2B1CBAC40075B6A7 /* Release */,
			);
			defaultConfigurationIsVisible = 0;
			defaultConfigurationName = Release;
		};
/* End XCConfigurationList section */

/* Begin XCRemoteSwiftPackageReference section */
		7FF3285F2B40232600FACB58 /* XCRemoteSwiftPackageReference "SnackBar" */ = {
			isa = XCRemoteSwiftPackageReference;
			repositoryURL = "https://github.com/ahmedAlmasri/SnackBar.swift";
			requirement = {
				kind = upToNextMajorVersion;
				minimumVersion = 0.1.2;
			};
		};
/* End XCRemoteSwiftPackageReference section */

/* Begin XCSwiftPackageProductDependency section */
		7FF328602B40232600FACB58 /* SnackBar */ = {
			isa = XCSwiftPackageProductDependency;
			package = 7FF3285F2B40232600FACB58 /* XCRemoteSwiftPackageReference "SnackBar" */;
			productName = SnackBar;
		};
/* End XCSwiftPackageProductDependency section */
	};
	rootObject = 7F063B3E2B1CBAC20075B6A7 /* Project object */;
}
